{
  "name": "uni-shop",
  "version": "1.0.0",
  "lockfileVersion": 1,
  "requires": true,
  "dependencies": {
    "core-js": {
      "version": "3.10.1",
      "resolved": "https://registry.npm.taobao.org/core-js/download/core-js-3.10.1.tgz",
      "integrity": "sha1-5oOWOXi2gG3MbApKi9SrC9rz8ho="
    },
    "deepmerge": {
      "version": "4.2.2",
      "resolved": "https://registry.npm.taobao.org/deepmerge/download/deepmerge-4.2.2.tgz?cache=0&sync_timestamp=1593463429320&other_urls=https%3A%2F%2Fregistry.npm.taobao.org%2Fdeepmerge%2Fdownload%2Fdeepmerge-4.2.2.tgz",
      "integrity": "sha1-RNLqNnm49NT/ujPwPYZfwee/SVU="
    },
    "jweixin-module": {
      "version": "1.6.0",
      "resolved": "https://registry.npmjs.org/jweixin-module/-/jweixin-module-1.6.0.tgz",
      "integrity": "sha512-dGk9cf+ipipHmtzYmKZs5B2toX+p4hLyllGLF6xuC8t+B05oYxd8fYoaRz0T30U2n3RUv8a4iwvjhA+OcYz52w=="
    },
    "mutation-observer": {
      "version": "1.0.3",
      "resolved": "https://registry.npm.taobao.org/mutation-observer/download/mutation-observer-1.0.3.tgz",
      "integrity": "sha1-QukiKxAbyoLlup1aes9KFMDyY9A="
    },
    "shvl": {
      "version": "2.0.3",
      "resolved": "https://registry.npm.taobao.org/shvl/download/shvl-2.0.3.tgz?cache=0&sync_timestamp=1618213418806&other_urls=https%3A%2F%2Fregistry.npm.taobao.org%2Fshvl%2Fdownload%2Fshvl-2.0.3.tgz",
      "integrity": "sha1-60vTdkT1aEu6H8UsMBDJb7Xmr9E="
    },
    "vconsole": {
      "version": "3.4.1",
      "resolved": "https://registry.npm.taobao.org/vconsole/download/vconsole-3.4.1.tgz?cache=0&sync_timestamp=1617966997343&other_urls=https%3A%2F%2Fregistry.npm.taobao.org%2Fvconsole%2Fdownload%2Fvconsole-3.4.1.tgz",
      "integrity": "sha1-uH27sSrJ7ojASlw6ua15R+EYbdQ=",
      "requires": {
        "core-js": "^3.8.3",
        "mutation-observer": "^1.0.3"
      }
    },
    "vuex-persistedstate": {
      "version": "3.2.0",
      "resolved": "https://registry.npm.taobao.org/vuex-persistedstate/download/vuex-persistedstate-3.2.0.tgz",
      "integrity": "sha1-QdPqMEQEdprGU+wCDegMlc4WJD0=",
      "requires": {
        "deepmerge": "^4.2.2",
        "shvl": "^2.0.2"
      }
    }
  }
}
